
Microsoft Visual Studio Solution File, Format Version 12.00
# Visual Studio Version 17
VisualStudioVersion = 17.4.33110.190
MinimumVisualStudioVersion = 10.0.40219.1
Project("{9A19103F-16F7-4668-BE54-9A1E7A4F7556}") = "BAudioPlayer", "BAudioPlayer\BAudioPlayer.csproj", "{6532DB5F-46DA-432C-9C97-FCA0754CEFBB}"
EndProject
Project("{9A19103F-16F7-4668-BE54-9A1E7A4F7556}") = "BluetoothAudio", "BluetoothAudio\BluetoothAudio.csproj", "{F0D3E573-FB28-4F69-BFDB-E14C860C9B39}"
EndProject
Project("{9A19103F-16F7-4668-BE54-9A1E7A4F7556}") = "BluetoothPlaybackControl", "BluetoothPlaybackControl\BluetoothPlaybackControl.csproj", "{7180916B-C3D1-414C-9115-F1FA1D868C47}"
EndProject
Global
	GlobalSection(SolutionConfigurationPlatforms) = preSolution
		Debug|Any CPU = Debug|Any CPU
		Debug|x64 = Debug|x64
		Debug|x86 = Debug|x86
		Release|Any CPU = Release|Any CPU
		Release|x64 = Release|x64
		Release|x86 = Release|x86
	EndGlobalSection
	GlobalSection(ProjectConfigurationPlatforms) = postSolution
		{6532DB5F-46DA-432C-9C97-FCA0754CEFBB}.Debug|Any CPU.ActiveCfg = Debug|Any CPU
		{6532DB5F-46DA-432C-9C97-FCA0754CEFBB}.Debug|Any CPU.Build.0 = Debug|Any CPU
		{6532DB5F-46DA-432C-9C97-FCA0754CEFBB}.Debug|x64.ActiveCfg = Debug|x64
		{6532DB5F-46DA-432C-9C97-FCA0754CEFBB}.Debug|x64.Build.0 = Debug|x64
		{6532DB5F-46DA-432C-9C97-FCA0754CEFBB}.Debug|x86.ActiveCfg = Debug|x86
		{6532DB5F-46DA-432C-9C97-FCA0754CEFBB}.Debug|x86.Build.0 = Debug|x86
		{6532DB5F-46DA-432C-9C97-FCA0754CEFBB}.Release|Any CPU.ActiveCfg = Release|Any CPU
		{6532DB5F-46DA-432C-9C97-FCA0754CEFBB}.Release|Any CPU.Build.0 = Release|Any CPU
		{6532DB5F-46DA-432C-9C97-FCA0754CEFBB}.Release|x64.ActiveCfg = Release|x64
		{6532DB5F-46DA-432C-9C97-FCA0754CEFBB}.Release|x64.Build.0 = Release|x64
		{6532DB5F-46DA-432C-9C97-FCA0754CEFBB}.Release|x86.ActiveCfg = Release|x86
		{6532DB5F-46DA-432C-9C97-FCA0754CEFBB}.Release|x86.Build.0 = Release|x86
		{F0D3E573-FB28-4F69-BFDB-E14C860C9B39}.Debug|Any CPU.ActiveCfg = Debug|Any CPU
		{F0D3E573-FB28-4F69-BFDB-E14C860C9B39}.Debug|Any CPU.Build.0 = Debug|Any CPU
		{F0D3E573-FB28-4F69-BFDB-E14C860C9B39}.Debug|x64.ActiveCfg = Debug|Any CPU
		{F0D3E573-FB28-4F69-BFDB-E14C860C9B39}.Debug|x64.Build.0 = Debug|Any CPU
		{F0D3E573-FB28-4F69-BFDB-E14C860C9B39}.Debug|x86.ActiveCfg = Debug|Any CPU
		{F0D3E573-FB28-4F69-BFDB-E14C860C9B39}.Debug|x86.Build.0 = Debug|Any CPU
		{F0D3E573-FB28-4F69-BFDB-E14C860C9B39}.Release|Any CPU.ActiveCfg = Release|Any CPU
		{F0D3E573-FB28-4F69-BFDB-E14C860C9B39}.Release|Any CPU.Build.0 = Release|Any CPU
		{F0D3E573-FB28-4F69-BFDB-E14C860C9B39}.Release|x64.ActiveCfg = Release|Any CPU
		{F0D3E573-FB28-4F69-BFDB-E14C860C9B39}.Release|x64.Build.0 = Release|Any CPU
		{F0D3E573-FB28-4F69-BFDB-E14C860C9B39}.Release|x86.ActiveCfg = Release|Any CPU
		{F0D3E573-FB28-4F69-BFDB-E14C860C9B39}.Release|x86.Build.0 = Release|Any CPU
		{7180916B-C3D1-414C-9115-F1FA1D868C47}.Debug|Any CPU.ActiveCfg = Debug|Any CPU
		{7180916B-C3D1-414C-9115-F1FA1D868C47}.Debug|Any CPU.Build.0 = Debug|Any CPU
		{7180916B-C3D1-414C-9115-F1FA1D868C47}.Debug|x64.ActiveCfg = Debug|Any CPU
		{7180916B-C3D1-414C-9115-F1FA1D868C47}.Debug|x64.Build.0 = Debug|Any CPU
		{7180916B-C3D1-414C-9115-F1FA1D868C47}.Debug|x86.ActiveCfg = Debug|Any CPU
		{7180916B-C3D1-414C-9115-F1FA1D868C47}.Debug|x86.Build.0 = Debug|Any CPU
		{7180916B-C3D1-414C-9115-F1FA1D868C47}.Release|Any CPU.ActiveCfg = Release|Any CPU
		{7180916B-C3D1-414C-9115-F1FA1D868C47}.Release|Any CPU.Build.0 = Release|Any CPU
		{7180916B-C3D1-414C-9115-F1FA1D868C47}.Release|x64.ActiveCfg = Release|Any CPU
		{7180916B-C3D1-414C-9115-F1FA1D868C47}.Release|x64.Build.0 = Release|Any CPU
		{7180916B-C3D1-414C-9115-F1FA1D868C47}.Release|x86.ActiveCfg = Release|Any CPU
		{7180916B-C3D1-414C-9115-F1FA1D868C47}.Release|x86.Build.0 = Release|Any CPU
	EndGlobalSection
	GlobalSection(SolutionProperties) = preSolution
		HideSolutionNode = FALSE
	EndGlobalSection
	GlobalSection(ExtensibilityGlobals) = postSolution
		SolutionGuid = {09192323-0BF4-45BD-9738-3B8F13B54AF1}
	EndGlobalSection
EndGlobal
